
Microsoft Visual Studio Solution File, Format Version 12.00
# Visual Studio 15
VisualStudioVersion = 15.0.28010.2041
MinimumVisualStudioVersion = 10.0.40219.1
Project("{FAE04EC0-301F-11D3-BF4B-00C04F79EFBC}") = "MimiWeb", "MimiWeb\MimiWeb.csproj", "{6401ECB0-ED7E-4A67-96FC-48E3A1B03F39}"
EndProject
Project("{FAE04EC0-301F-11D3-BF4B-00C04F79EFBC}") = "ConsoleApp", "ConsoleApp\ConsoleApp.csproj", "{A86C54D5-E1A3-4B32-84C9-AB3E6DDD1608}"
EndProject
Global
	GlobalSection(SolutionConfigurationPlatforms) = preSolution
		Debug|Any CPU = Debug|Any CPU
		Release|Any CPU = Release|Any CPU
	EndGlobalSection
	GlobalSection(ProjectConfigurationPlatforms) = postSolution
		{6401ECB0-ED7E-4A67-96FC-48E3A1B03F39}.Debug|Any CPU.ActiveCfg = Debug|Any CPU
		{6401ECB0-ED7E-4A67-96FC-48E3A1B03F39}.Debug|Any CPU.Build.0 = Debug|Any CPU
		{6401ECB0-ED7E-4A67-96FC-48E3A1B03F39}.Release|Any CPU.ActiveCfg = Release|Any CPU
		{6401ECB0-ED7E-4A67-96FC-48E3A1B03F39}.Release|Any CPU.Build.0 = Release|Any CPU
		{A86C54D5-E1A3-4B32-84C9-AB3E6DDD1608}.Debug|Any CPU.ActiveCfg = Debug|Any CPU
		{A86C54D5-E1A3-4B32-84C9-AB3E6DDD1608}.Debug|Any CPU.Build.0 = Debug|Any CPU
		{A86C54D5-E1A3-4B32-84C9-AB3E6DDD1608}.Release|Any CPU.ActiveCfg = Release|Any CPU
		{A86C54D5-E1A3-4B32-84C9-AB3E6DDD1608}.Release|Any CPU.Build.0 = Release|Any CPU
	EndGlobalSection
	GlobalSection(SolutionProperties) = preSolution
		HideSolutionNode = FALSE
	EndGlobalSection
	GlobalSection(ExtensibilityGlobals) = postSolution
		SolutionGuid = {E8365D64-6001-4690-B487-B246AA6F003C}
	EndGlobalSection
EndGlobal
